
Microsoft Visual Studio Solution File, Format Version 12.00
# Visual Studio Version 17
VisualStudioVersion = 17.11.34909.67
MinimumVisualStudioVersion = 10.0.40219.1
Project("{9A19103F-16F7-4668-BE54-9A1E7A4F7556}") = "BlazorMLDashboard", "BlazorMLDashboard\BlazorMLDashboard.csproj", "{A12775C3-0D61-4DBD-B623-E55481ACC038}"
EndProject
Global
	GlobalSection(SolutionConfigurationPlatforms) = preSolution
		Debug|Any CPU = Debug|Any CPU
		Release|Any CPU = Release|Any CPU
	EndGlobalSection
	GlobalSection(ProjectConfigurationPlatforms) = postSolution
		{A12775C3-0D61-4DBD-B623-E55481ACC038}.Debug|Any CPU.ActiveCfg = Debug|Any CPU
		{A12775C3-0D61-4DBD-B623-E55481ACC038}.Debug|Any CPU.Build.0 = Debug|Any CPU
		{A12775C3-0D61-4DBD-B623-E55481ACC038}.Release|Any CPU.ActiveCfg = Release|Any CPU
		{A12775C3-0D61-4DBD-B623-E55481ACC038}.Release|Any CPU.Build.0 = Release|Any CPU
	EndGlobalSection
	GlobalSection(SolutionProperties) = preSolution
		HideSolutionNode = FALSE
	EndGlobalSection
	GlobalSection(ExtensibilityGlobals) = postSolution
		SolutionGuid = {623B6C71-AC9A-4733-9A9A-CB1C26F6B321}
	EndGlobalSection
EndGlobal
